<?xml version="1.0" encoding="utf-8"?>
<Project ToolsVersion="17.0" xmlns="http://schemas.microsoft.com/developer/msbuild/2003">
  <ItemGroup>
    <CustomBuild Include="C:\Users\james\Documents\uni\dissertation\final-year-project-James-Blackburn\CMakeFiles\f47a0953f3d6f8dfdbbde32f2376f51d\INSTALL_force.rule">
      <Filter>CMake Rules</Filter>
    </CustomBuild>
  </ItemGroup>
  <ItemGroup>
    <Filter Include="CMake Rules">
      <UniqueIdentifier>{6172530C-C672-34E0-8EEA-DBE968979AA1}</UniqueIdentifier>
    </Filter>
  </ItemGroup>
</Project>
